
Microsoft Visual Studio Solution File, Format Version 12.00
# Visual Studio Version 17
VisualStudioVersion = 17.2.32616.157
MinimumVisualStudioVersion = 10.0.40219.1
Project("{8BC9CEB8-8B4A-11D0-8D11-00A0C91BC942}") = "DS1121", "DS1121.vcxproj", "{C8AB1694-07CF-4D2C-B350-EF10851A15B6}"
EndProject
Global
	GlobalSection(SolutionConfigurationPlatforms) = preSolution
		Debug|x64 = Debug|x64
		Debug|x86 = Debug|x86
		Release|x64 = Release|x64
		Release|x86 = Release|x86
	EndGlobalSection
	GlobalSection(ProjectConfigurationPlatforms) = postSolution
		{C8AB1694-07CF-4D2C-B350-EF10851A15B6}.Debug|x64.ActiveCfg = Debug|x64
		{C8AB1694-07CF-4D2C-B350-EF10851A15B6}.Debug|x64.Build.0 = Debug|x64
		{C8AB1694-07CF-4D2C-B350-EF10851A15B6}.Debug|x86.ActiveCfg = Debug|Win32
		{C8AB1694-07CF-4D2C-B350-EF10851A15B6}.Debug|x86.Build.0 = Debug|Win32
		{C8AB1694-07CF-4D2C-B350-EF10851A15B6}.Release|x64.ActiveCfg = Release|x64
		{C8AB1694-07CF-4D2C-B350-EF10851A15B6}.Release|x64.Build.0 = Release|x64
		{C8AB1694-07CF-4D2C-B350-EF10851A15B6}.Release|x86.ActiveCfg = Release|Win32
		{C8AB1694-07CF-4D2C-B350-EF10851A15B6}.Release|x86.Build.0 = Release|Win32
	EndGlobalSection
	GlobalSection(SolutionProperties) = preSolution
		HideSolutionNode = FALSE
	EndGlobalSection
	GlobalSection(ExtensibilityGlobals) = postSolution
		SolutionGuid = {B1FBB9D3-B71E-461B-AE2A-1C1E014B8A46}
	EndGlobalSection
EndGlobal
