
Microsoft Visual Studio Solution File, Format Version 12.00
# Visual Studio Version 17
VisualStudioVersion = 17.2.32616.157
MinimumVisualStudioVersion = 10.0.40219.1
Project("{8BC9CEB8-8B4A-11D0-8D11-00A0C91BC942}") = "DS1205_2", "DS1205_2.vcxproj", "{E68963B6-8B30-4FAE-94A8-8812D9BF8C01}"
EndProject
Global
	GlobalSection(SolutionConfigurationPlatforms) = preSolution
		Debug|x64 = Debug|x64
		Debug|x86 = Debug|x86
		Release|x64 = Release|x64
		Release|x86 = Release|x86
	EndGlobalSection
	GlobalSection(ProjectConfigurationPlatforms) = postSolution
		{E68963B6-8B30-4FAE-94A8-8812D9BF8C01}.Debug|x64.ActiveCfg = Debug|x64
		{E68963B6-8B30-4FAE-94A8-8812D9BF8C01}.Debug|x64.Build.0 = Debug|x64
		{E68963B6-8B30-4FAE-94A8-8812D9BF8C01}.Debug|x86.ActiveCfg = Debug|Win32
		{E68963B6-8B30-4FAE-94A8-8812D9BF8C01}.Debug|x86.Build.0 = Debug|Win32
		{E68963B6-8B30-4FAE-94A8-8812D9BF8C01}.Release|x64.ActiveCfg = Release|x64
		{E68963B6-8B30-4FAE-94A8-8812D9BF8C01}.Release|x64.Build.0 = Release|x64
		{E68963B6-8B30-4FAE-94A8-8812D9BF8C01}.Release|x86.ActiveCfg = Release|Win32
		{E68963B6-8B30-4FAE-94A8-8812D9BF8C01}.Release|x86.Build.0 = Release|Win32
	EndGlobalSection
	GlobalSection(SolutionProperties) = preSolution
		HideSolutionNode = FALSE
	EndGlobalSection
	GlobalSection(ExtensibilityGlobals) = postSolution
		SolutionGuid = {FAC24A76-DFF9-4EB5-B823-C9F256D8E1DB}
	EndGlobalSection
EndGlobal
